{
  "name": "Fruit-Bounty",
  "lockfileVersion": 3,
  "requires": true,
  "packages": {
    "": {
      "dependencies": {
        "axos": "^0.0.1"
      }
    },
    "node_modules/axos": {
      "version": "0.0.1",
      "resolved": "https://registry.npmjs.org/axos/-/axos-0.0.1.tgz",
      "integrity": "sha512-g8lsg8yBN+yiFcHRW2tgnOTHS2TBRYelSsKIwlP9L6VkB4BkBDFgCqilXOxStjSpY3LaxDsvAoVNQcLbcoj5pg==",
      "license": "ISC"
    }
  }
}
